
Microsoft Visual Studio Solution File, Format Version 12.00
# Visual Studio Version 17
VisualStudioVersion = 17.9.34607.119
MinimumVisualStudioVersion = 10.0.40219.1
Project("{2150E333-8FDC-42A3-9474-1A3956D46DE8}") = "src", "src", "{1AA71806-05FB-4BA6-BF15-2659C7E32B7F}"
EndProject
Project("{2150E333-8FDC-42A3-9474-1A3956D46DE8}") = "tests", "tests", "{58AF38B4-0576-4D8A-801F-DC22397DB1B9}"
EndProject
Project("{9A19103F-16F7-4668-BE54-9A1E7A4F7556}") = "Obloo.Domain", "src\Obloo.Domain\Obloo.Domain.csproj", "{088A40B3-D0AF-4D30-AAD5-EFBE6190EBF3}"
EndProject
Project("{9A19103F-16F7-4668-BE54-9A1E7A4F7556}") = "Obloo.Application", "src\Obloo.Application\Obloo.Application.csproj", "{7C3B5E8E-1F83-4D0B-AB24-2146D367CF4F}"
EndProject
Project("{9A19103F-16F7-4668-BE54-9A1E7A4F7556}") = "Obloo.Infrastructure", "src\Obloo.Infrastructure\Obloo.Infrastructure.csproj", "{821CF9C7-4BCB-4B57-B5FF-E4C472B42930}"
EndProject
Project("{9A19103F-16F7-4668-BE54-9A1E7A4F7556}") = "Obloo.Api.Server", "src\Obloo.Api\Obloo.Api.Server\Obloo.Api.Server.csproj", "{DF553D8B-9234-4E8B-8493-CC69C7561B55}"
EndProject
Project("{54A90642-561A-4BB1-A94E-469ADEE60C69}") = "obloo.api.client", "src\Obloo.Api\obloo.api.client\obloo.api.client.esproj", "{3EF36DBB-C6CF-4D88-81ED-15DAF677B3F0}"
EndProject
Project("{9A19103F-16F7-4668-BE54-9A1E7A4F7556}") = "Obloo.Presentation", "src\Obloo.Presentation\Obloo.Presentation.csproj", "{77F567CD-4194-4A44-B4C5-1937F0632BEC}"
EndProject
Project("{E53339B2-1760-4266-BCC7-CA923CBCF16C}") = "docker-compose", "docker-compose.dcproj", "{D9F47B1B-CECF-4815-9513-52DB71493713}"
EndProject
Project("{2150E333-8FDC-42A3-9474-1A3956D46DE8}") = "requests", "requests", "{6525BCE8-18F7-4C6B-9C6E-5C21CEBB937F}"
	ProjectSection(SolutionItems) = preProject
		requests\Obloo.Api.Auth.http = requests\Obloo.Api.Auth.http
	EndProjectSection
EndProject
Project("{FAE04EC0-301F-11D3-BF4B-00C04F79EFBC}") = "Obloo.UnitTests", "tests\Obloo.UnitTests\Obloo.UnitTests.csproj", "{9CA87340-E37C-42AD-9B51-470E4CA46C46}"
EndProject
Global
	GlobalSection(SolutionConfigurationPlatforms) = preSolution
		Debug|Any CPU = Debug|Any CPU
		Release|Any CPU = Release|Any CPU
	EndGlobalSection
	GlobalSection(ProjectConfigurationPlatforms) = postSolution
		{088A40B3-D0AF-4D30-AAD5-EFBE6190EBF3}.Debug|Any CPU.ActiveCfg = Debug|Any CPU
		{088A40B3-D0AF-4D30-AAD5-EFBE6190EBF3}.Debug|Any CPU.Build.0 = Debug|Any CPU
		{088A40B3-D0AF-4D30-AAD5-EFBE6190EBF3}.Release|Any CPU.ActiveCfg = Release|Any CPU
		{088A40B3-D0AF-4D30-AAD5-EFBE6190EBF3}.Release|Any CPU.Build.0 = Release|Any CPU
		{7C3B5E8E-1F83-4D0B-AB24-2146D367CF4F}.Debug|Any CPU.ActiveCfg = Debug|Any CPU
		{7C3B5E8E-1F83-4D0B-AB24-2146D367CF4F}.Debug|Any CPU.Build.0 = Debug|Any CPU
		{7C3B5E8E-1F83-4D0B-AB24-2146D367CF4F}.Release|Any CPU.ActiveCfg = Release|Any CPU
		{7C3B5E8E-1F83-4D0B-AB24-2146D367CF4F}.Release|Any CPU.Build.0 = Release|Any CPU
		{821CF9C7-4BCB-4B57-B5FF-E4C472B42930}.Debug|Any CPU.ActiveCfg = Debug|Any CPU
		{821CF9C7-4BCB-4B57-B5FF-E4C472B42930}.Debug|Any CPU.Build.0 = Debug|Any CPU
		{821CF9C7-4BCB-4B57-B5FF-E4C472B42930}.Release|Any CPU.ActiveCfg = Release|Any CPU
		{821CF9C7-4BCB-4B57-B5FF-E4C472B42930}.Release|Any CPU.Build.0 = Release|Any CPU
		{DF553D8B-9234-4E8B-8493-CC69C7561B55}.Debug|Any CPU.ActiveCfg = Debug|Any CPU
		{DF553D8B-9234-4E8B-8493-CC69C7561B55}.Debug|Any CPU.Build.0 = Debug|Any CPU
		{DF553D8B-9234-4E8B-8493-CC69C7561B55}.Release|Any CPU.ActiveCfg = Release|Any CPU
		{DF553D8B-9234-4E8B-8493-CC69C7561B55}.Release|Any CPU.Build.0 = Release|Any CPU
		{3EF36DBB-C6CF-4D88-81ED-15DAF677B3F0}.Debug|Any CPU.ActiveCfg = Debug|Any CPU
		{3EF36DBB-C6CF-4D88-81ED-15DAF677B3F0}.Debug|Any CPU.Build.0 = Debug|Any CPU
		{3EF36DBB-C6CF-4D88-81ED-15DAF677B3F0}.Debug|Any CPU.Deploy.0 = Debug|Any CPU
		{3EF36DBB-C6CF-4D88-81ED-15DAF677B3F0}.Release|Any CPU.ActiveCfg = Release|Any CPU
		{3EF36DBB-C6CF-4D88-81ED-15DAF677B3F0}.Release|Any CPU.Build.0 = Release|Any CPU
		{3EF36DBB-C6CF-4D88-81ED-15DAF677B3F0}.Release|Any CPU.Deploy.0 = Release|Any CPU
		{77F567CD-4194-4A44-B4C5-1937F0632BEC}.Debug|Any CPU.ActiveCfg = Debug|Any CPU
		{77F567CD-4194-4A44-B4C5-1937F0632BEC}.Debug|Any CPU.Build.0 = Debug|Any CPU
		{77F567CD-4194-4A44-B4C5-1937F0632BEC}.Release|Any CPU.ActiveCfg = Release|Any CPU
		{77F567CD-4194-4A44-B4C5-1937F0632BEC}.Release|Any CPU.Build.0 = Release|Any CPU
		{D9F47B1B-CECF-4815-9513-52DB71493713}.Debug|Any CPU.ActiveCfg = Debug|Any CPU
		{D9F47B1B-CECF-4815-9513-52DB71493713}.Debug|Any CPU.Build.0 = Debug|Any CPU
		{D9F47B1B-CECF-4815-9513-52DB71493713}.Release|Any CPU.ActiveCfg = Release|Any CPU
		{D9F47B1B-CECF-4815-9513-52DB71493713}.Release|Any CPU.Build.0 = Release|Any CPU
		{9CA87340-E37C-42AD-9B51-470E4CA46C46}.Debug|Any CPU.ActiveCfg = Debug|Any CPU
		{9CA87340-E37C-42AD-9B51-470E4CA46C46}.Debug|Any CPU.Build.0 = Debug|Any CPU
		{9CA87340-E37C-42AD-9B51-470E4CA46C46}.Release|Any CPU.ActiveCfg = Release|Any CPU
		{9CA87340-E37C-42AD-9B51-470E4CA46C46}.Release|Any CPU.Build.0 = Release|Any CPU
	EndGlobalSection
	GlobalSection(SolutionProperties) = preSolution
		HideSolutionNode = FALSE
	EndGlobalSection
	GlobalSection(NestedProjects) = preSolution
		{088A40B3-D0AF-4D30-AAD5-EFBE6190EBF3} = {1AA71806-05FB-4BA6-BF15-2659C7E32B7F}
		{7C3B5E8E-1F83-4D0B-AB24-2146D367CF4F} = {1AA71806-05FB-4BA6-BF15-2659C7E32B7F}
		{821CF9C7-4BCB-4B57-B5FF-E4C472B42930} = {1AA71806-05FB-4BA6-BF15-2659C7E32B7F}
		{DF553D8B-9234-4E8B-8493-CC69C7561B55} = {1AA71806-05FB-4BA6-BF15-2659C7E32B7F}
		{77F567CD-4194-4A44-B4C5-1937F0632BEC} = {1AA71806-05FB-4BA6-BF15-2659C7E32B7F}
		{9CA87340-E37C-42AD-9B51-470E4CA46C46} = {58AF38B4-0576-4D8A-801F-DC22397DB1B9}
	EndGlobalSection
	GlobalSection(ExtensibilityGlobals) = postSolution
		SolutionGuid = {549FB154-0FE3-43EF-900B-199E5E6900F2}
	EndGlobalSection
EndGlobal
